// !$*UTF8*$!
{
	archiveVersion = 1;
	classes = {
	};
	objectVersion = 56;
	objects = {

/* Begin PBXBuildFile section */
		FF216E792BD189AC0043FB07 /* AppDelegate.swift in Sources */ = {isa = PBXBuildFile; fileRef = FF216E782BD189AC0043FB07 /* AppDelegate.swift */; };
		FF216E822BD189AE0043FB07 /* Assets.xcassets in Resources */ = {isa = PBXBuildFile; fileRef = FF216E812BD189AE0043FB07 /* Assets.xcassets */; };
		FF216E852BD189AE0043FB07 /* LaunchScreen.storyboard in Resources */ = {isa = PBXBuildFile; fileRef = FF216E832BD189AE0043FB07 /* LaunchScreen.storyboard */; };
		FF216EA82BD18B460043FB07 /* RxBlocking in Frameworks */ = {isa = PBXBuildFile; productRef = FF216EA72BD18B460043FB07 /* RxBlocking */; };
		FF216EAA2BD18B460043FB07 /* RxBlocking-Dynamic in Frameworks */ = {isa = PBXBuildFile; productRef = FF216EA92BD18B460043FB07 /* RxBlocking-Dynamic */; };
		FF216EAC2BD18B460043FB07 /* RxCocoa in Frameworks */ = {isa = PBXBuildFile; productRef = FF216EAB2BD18B460043FB07 /* RxCocoa */; };
		FF216EAE2BD18B460043FB07 /* RxCocoa-Dynamic in Frameworks */ = {isa = PBXBuildFile; productRef = FF216EAD2BD18B460043FB07 /* RxCocoa-Dynamic */; };
		FF216EB02BD18B460043FB07 /* RxRelay in Frameworks */ = {isa = PBXBuildFile; productRef = FF216EAF2BD18B460043FB07 /* RxRelay */; };
		FF216EB32BD18B530043FB07 /* SnapKit in Frameworks */ = {isa = PBXBuildFile; productRef = FF216EB22BD18B530043FB07 /* SnapKit */; };
		FF216EB52BD18B530043FB07 /* SnapKit-Dynamic in Frameworks */ = {isa = PBXBuildFile; productRef = FF216EB42BD18B530043FB07 /* SnapKit-Dynamic */; };
		FF216EB82BD18B7F0043FB07 /* Swinject in Frameworks */ = {isa = PBXBuildFile; productRef = FF216EB72BD18B7F0043FB07 /* Swinject */; };
		FF216EBA2BD18B7F0043FB07 /* Swinject-Dynamic in Frameworks */ = {isa = PBXBuildFile; productRef = FF216EB92BD18B7F0043FB07 /* Swinject-Dynamic */; };
		FF216EBD2BD18B8C0043FB07 /* Alamofire in Frameworks */ = {isa = PBXBuildFile; productRef = FF216EBC2BD18B8C0043FB07 /* Alamofire */; };
		FF216EBF2BD18B8C0043FB07 /* AlamofireDynamic in Frameworks */ = {isa = PBXBuildFile; productRef = FF216EBE2BD18B8C0043FB07 /* AlamofireDynamic */; };
		FF216EC32BD193060043FB07 /* AppCoordinator.swift in Sources */ = {isa = PBXBuildFile; fileRef = FF216EC22BD193060043FB07 /* AppCoordinator.swift */; };
		FF216EC62BD193450043FB07 /* Coordinator.swift in Sources */ = {isa = PBXBuildFile; fileRef = FF216EC52BD193450043FB07 /* Coordinator.swift */; };
		FF216EC82BD1936E0043FB07 /* Router.swift in Sources */ = {isa = PBXBuildFile; fileRef = FF216EC72BD1936E0043FB07 /* Router.swift */; };
		FF216ECA2BD1938E0043FB07 /* ITransition.swift in Sources */ = {isa = PBXBuildFile; fileRef = FF216EC92BD1938E0043FB07 /* ITransition.swift */; };
		FF216ECC2BD193B50043FB07 /* Closable.swift in Sources */ = {isa = PBXBuildFile; fileRef = FF216ECB2BD193B50043FB07 /* Closable.swift */; };
		FF216ECE2BD1944B0043FB07 /* WindowNavigationTransition.swift in Sources */ = {isa = PBXBuildFile; fileRef = FF216ECD2BD1944B0043FB07 /* WindowNavigationTransition.swift */; };
		FF216ED02BD194750043FB07 /* WindowTransition.swift in Sources */ = {isa = PBXBuildFile; fileRef = FF216ECF2BD194750043FB07 /* WindowTransition.swift */; };
		FF216ED22BD195360043FB07 /* AppDependencyManager.swift in Sources */ = {isa = PBXBuildFile; fileRef = FF216ED12BD195360043FB07 /* AppDependencyManager.swift */; };
		FF216ED62BD196F80043FB07 /* HomeCoordinator.swift in Sources */ = {isa = PBXBuildFile; fileRef = FF216ED52BD196F80043FB07 /* HomeCoordinator.swift */; };
		FF216EDA2BD197B50043FB07 /* HomeViewController.swift in Sources */ = {isa = PBXBuildFile; fileRef = FF216ED92BD197B50043FB07 /* HomeViewController.swift */; };
		FF216EDC2BD197C10043FB07 /* HomeViewModel.swift in Sources */ = {isa = PBXBuildFile; fileRef = FF216EDB2BD197C10043FB07 /* HomeViewModel.swift */; };
		FF216EDF2BD198A10043FB07 /* IViewModeling.swift in Sources */ = {isa = PBXBuildFile; fileRef = FF216EDE2BD198A10043FB07 /* IViewModeling.swift */; };
		FF216EE12BD198EE0043FB07 /* DIConfigurable.swift in Sources */ = {isa = PBXBuildFile; fileRef = FF216EE02BD198EE0043FB07 /* DIConfigurable.swift */; };
		FF216EE32BD19AAD0043FB07 /* IAutoSetup.swift in Sources */ = {isa = PBXBuildFile; fileRef = FF216EE22BD19AAD0043FB07 /* IAutoSetup.swift */; };
		FF216EE52BD19ACA0043FB07 /* IViewModelOwner.swift in Sources */ = {isa = PBXBuildFile; fileRef = FF216EE42BD19ACA0043FB07 /* IViewModelOwner.swift */; };
		FF216EE82BD19E560043FB07 /* BaseController.swift in Sources */ = {isa = PBXBuildFile; fileRef = FF216EE72BD19E560043FB07 /* BaseController.swift */; };
		FF216EEA2BD1BF3A0043FB07 /* PushTransition.swift in Sources */ = {isa = PBXBuildFile; fileRef = FF216EE92BD1BF3A0043FB07 /* PushTransition.swift */; };
		FF216EEC2BD1BF530043FB07 /* Animator.swift in Sources */ = {isa = PBXBuildFile; fileRef = FF216EEB2BD1BF530043FB07 /* Animator.swift */; };
		FF2DAD6F2BD2820600E152EF /* SegmentedControl.swift in Sources */ = {isa = PBXBuildFile; fileRef = FF2DAD6E2BD2820600E152EF /* SegmentedControl.swift */; };
		FF2DAD722BD28BD300E152EF /* AssetsColor.swift in Sources */ = {isa = PBXBuildFile; fileRef = FF2DAD712BD28BD300E152EF /* AssetsColor.swift */; };
		FF2DAD752BD2AC3E00E152EF /* CocktailsList.swift in Sources */ = {isa = PBXBuildFile; fileRef = FF2DAD742BD2AC3E00E152EF /* CocktailsList.swift */; };
		FF2DAD782BD2B01E00E152EF /* ApiRouter.swift in Sources */ = {isa = PBXBuildFile; fileRef = FF2DAD772BD2B01E00E152EF /* ApiRouter.swift */; };
		FF2DAD7A2BD2B13800E152EF /* ApiClient.swift in Sources */ = {isa = PBXBuildFile; fileRef = FF2DAD792BD2B13800E152EF /* ApiClient.swift */; };
		FF2DAD7D2BD2BBE800E152EF /* GridCell.swift in Sources */ = {isa = PBXBuildFile; fileRef = FF2DAD7C2BD2BBE800E152EF /* GridCell.swift */; };
		FF2DAD872BD3418700E152EF /* AssetsImage.swift in Sources */ = {isa = PBXBuildFile; fileRef = FF2DAD862BD3418700E152EF /* AssetsImage.swift */; };
		FF2DAD8A2BD3485300E152EF /* SearchBarView.swift in Sources */ = {isa = PBXBuildFile; fileRef = FF2DAD892BD3485300E152EF /* SearchBarView.swift */; };
		FF2DAD8D2BD3523600E152EF /* Lottie in Frameworks */ = {isa = PBXBuildFile; productRef = FF2DAD8C2BD3523600E152EF /* Lottie */; };
		FF2DAD902BD3529C00E152EF /* cocktail_animation.json in Resources */ = {isa = PBXBuildFile; fileRef = FF2DAD8F2BD3529C00E152EF /* cocktail_animation.json */; };
		FF2DAD922BD3593E00E152EF /* MainLoaderView.swift in Sources */ = {isa = PBXBuildFile; fileRef = FF2DAD912BD3593E00E152EF /* MainLoaderView.swift */; };
		FF2DAD9A2BD3EAD100E152EF /* CocktailsDetailViewController.swift in Sources */ = {isa = PBXBuildFile; fileRef = FF2DAD992BD3EAD100E152EF /* CocktailsDetailViewController.swift */; };
		FF2DAD9C2BD3EAE000E152EF /* CocktailsDetailViewModel.swift in Sources */ = {isa = PBXBuildFile; fileRef = FF2DAD9B2BD3EAE000E152EF /* CocktailsDetailViewModel.swift */; };
		FF2DAD9E2BD3EF0400E152EF /* CocktailsDetailCoordinator.swift in Sources */ = {isa = PBXBuildFile; fileRef = FF2DAD9D2BD3EF0400E152EF /* CocktailsDetailCoordinator.swift */; };
		FF8E99872BD4214700BC5CA4 /* Alice-Regular.ttf in Resources */ = {isa = PBXBuildFile; fileRef = FF8E99862BD4214700BC5CA4 /* Alice-Regular.ttf */; };
		FF8E998A2BD4220F00BC5CA4 /* UIFont+Extension.swift in Sources */ = {isa = PBXBuildFile; fileRef = FF8E99892BD4220F00BC5CA4 /* UIFont+Extension.swift */; };
		FF8E998C2BD42C3D00BC5CA4 /* UILabel+Extension.swift in Sources */ = {isa = PBXBuildFile; fileRef = FF8E998B2BD42C3D00BC5CA4 /* UILabel+Extension.swift */; };
		FF8E998E2BD436A100BC5CA4 /* UIImage+Extension.swift in Sources */ = {isa = PBXBuildFile; fileRef = FF8E998D2BD436A100BC5CA4 /* UIImage+Extension.swift */; };
		FF8E99922BD4450C00BC5CA4 /* AlertViewController.swift in Sources */ = {isa = PBXBuildFile; fileRef = FF8E99912BD4450C00BC5CA4 /* AlertViewController.swift */; };
		FF8E99952BD4880D00BC5CA4 /* UserDefaultsManager.swift in Sources */ = {isa = PBXBuildFile; fileRef = FF8E99942BD4880D00BC5CA4 /* UserDefaultsManager.swift */; };
		FF8E99972BD5350200BC5CA4 /* DrinksDetailList.swift in Sources */ = {isa = PBXBuildFile; fileRef = FF8E99962BD5350200BC5CA4 /* DrinksDetailList.swift */; };
		FF8E999A2BD535B700BC5CA4 /* DetailCategory.swift in Sources */ = {isa = PBXBuildFile; fileRef = FF8E99992BD535B700BC5CA4 /* DetailCategory.swift */; };
/* End PBXBuildFile section */

/* Begin PBXFileReference section */
		FF216E752BD189AC0043FB07 /* TestApplication.app */ = {isa = PBXFileReference; explicitFileType = wrapper.application; includeInIndex = 0; path = TestApplication.app; sourceTree = BUILT_PRODUCTS_DIR; };
		FF216E782BD189AC0043FB07 /* AppDelegate.swift */ = {isa = PBXFileReference; lastKnownFileType = sourcecode.swift; path = AppDelegate.swift; sourceTree = "<group>"; };
		FF216E812BD189AE0043FB07 /* Assets.xcassets */ = {isa = PBXFileReference; lastKnownFileType = folder.assetcatalog; path = Assets.xcassets; sourceTree = "<group>"; };
		FF216E842BD189AE0043FB07 /* Base */ = {isa = PBXFileReference; lastKnownFileType = file.storyboard; name = Base; path = Base.lproj/LaunchScreen.storyboard; sourceTree = "<group>"; };
		FF216E862BD189AE0043FB07 /* Info.plist */ = {isa = PBXFileReference; lastKnownFileType = text.plist.xml; name = Info.plist; path = TestApplication/Resourses/Info.plist; sourceTree = SOURCE_ROOT; };
		FF216EC22BD193060043FB07 /* AppCoordinator.swift */ = {isa = PBXFileReference; lastKnownFileType = sourcecode.swift; name = AppCoordinator.swift; path = ../../../Desktop/AppCoordinator.swift; sourceTree = "<group>"; };
		FF216EC52BD193450043FB07 /* Coordinator.swift */ = {isa = PBXFileReference; lastKnownFileType = sourcecode.swift; name = Coordinator.swift; path = ../../../Desktop/Coordinator.swift; sourceTree = "<group>"; };
		FF216EC72BD1936E0043FB07 /* Router.swift */ = {isa = PBXFileReference; lastKnownFileType = sourcecode.swift; path = Router.swift; sourceTree = "<group>"; };
		FF216EC92BD1938E0043FB07 /* ITransition.swift */ = {isa = PBXFileReference; lastKnownFileType = sourcecode.swift; path = ITransition.swift; sourceTree = "<group>"; };
		FF216ECB2BD193B50043FB07 /* Closable.swift */ = {isa = PBXFileReference; lastKnownFileType = sourcecode.swift; path = Closable.swift; sourceTree = "<group>"; };
		FF216ECD2BD1944B0043FB07 /* WindowNavigationTransition.swift */ = {isa = PBXFileReference; lastKnownFileType = sourcecode.swift; path = WindowNavigationTransition.swift; sourceTree = "<group>"; };
		FF216ECF2BD194750043FB07 /* WindowTransition.swift */ = {isa = PBXFileReference; lastKnownFileType = sourcecode.swift; path = WindowTransition.swift; sourceTree = "<group>"; };
		FF216ED12BD195360043FB07 /* AppDependencyManager.swift */ = {isa = PBXFileReference; lastKnownFileType = sourcecode.swift; path = AppDependencyManager.swift; sourceTree = "<group>"; };
		FF216ED52BD196F80043FB07 /* HomeCoordinator.swift */ = {isa = PBXFileReference; lastKnownFileType = sourcecode.swift; path = HomeCoordinator.swift; sourceTree = "<group>"; };
		FF216ED92BD197B50043FB07 /* HomeViewController.swift */ = {isa = PBXFileReference; lastKnownFileType = sourcecode.swift; path = HomeViewController.swift; sourceTree = "<group>"; };
		FF216EDB2BD197C10043FB07 /* HomeViewModel.swift */ = {isa = PBXFileReference; lastKnownFileType = sourcecode.swift; path = HomeViewModel.swift; sourceTree = "<group>"; };
		FF216EDE2BD198A10043FB07 /* IViewModeling.swift */ = {isa = PBXFileReference; lastKnownFileType = sourcecode.swift; path = IViewModeling.swift; sourceTree = "<group>"; };
		FF216EE02BD198EE0043FB07 /* DIConfigurable.swift */ = {isa = PBXFileReference; lastKnownFileType = sourcecode.swift; path = DIConfigurable.swift; sourceTree = "<group>"; };
		FF216EE22BD19AAD0043FB07 /* IAutoSetup.swift */ = {isa = PBXFileReference; lastKnownFileType = sourcecode.swift; path = IAutoSetup.swift; sourceTree = "<group>"; };
		FF216EE42BD19ACA0043FB07 /* IViewModelOwner.swift */ = {isa = PBXFileReference; lastKnownFileType = sourcecode.swift; path = IViewModelOwner.swift; sourceTree = "<group>"; };
		FF216EE72BD19E560043FB07 /* BaseController.swift */ = {isa = PBXFileReference; lastKnownFileType = sourcecode.swift; path = BaseController.swift; sourceTree = "<group>"; };
		FF216EE92BD1BF3A0043FB07 /* PushTransition.swift */ = {isa = PBXFileReference; lastKnownFileType = sourcecode.swift; path = PushTransition.swift; sourceTree = "<group>"; };
		FF216EEB2BD1BF530043FB07 /* Animator.swift */ = {isa = PBXFileReference; lastKnownFileType = sourcecode.swift; path = Animator.swift; sourceTree = "<group>"; };
		FF2DAD6E2BD2820600E152EF /* SegmentedControl.swift */ = {isa = PBXFileReference; lastKnownFileType = sourcecode.swift; path = SegmentedControl.swift; sourceTree = "<group>"; };
		FF2DAD712BD28BD300E152EF /* AssetsColor.swift */ = {isa = PBXFileReference; lastKnownFileType = sourcecode.swift; path = AssetsColor.swift; sourceTree = "<group>"; };
		FF2DAD742BD2AC3E00E152EF /* CocktailsList.swift */ = {isa = PBXFileReference; lastKnownFileType = sourcecode.swift; path = CocktailsList.swift; sourceTree = "<group>"; };
		FF2DAD772BD2B01E00E152EF /* ApiRouter.swift */ = {isa = PBXFileReference; lastKnownFileType = sourcecode.swift; path = ApiRouter.swift; sourceTree = "<group>"; };
		FF2DAD792BD2B13800E152EF /* ApiClient.swift */ = {isa = PBXFileReference; lastKnownFileType = sourcecode.swift; path = ApiClient.swift; sourceTree = "<group>"; };
		FF2DAD7C2BD2BBE800E152EF /* GridCell.swift */ = {isa = PBXFileReference; lastKnownFileType = sourcecode.swift; path = GridCell.swift; sourceTree = "<group>"; };
		FF2DAD862BD3418700E152EF /* AssetsImage.swift */ = {isa = PBXFileReference; lastKnownFileType = sourcecode.swift; path = AssetsImage.swift; sourceTree = "<group>"; };
		FF2DAD892BD3485300E152EF /* SearchBarView.swift */ = {isa = PBXFileReference; lastKnownFileType = sourcecode.swift; path = SearchBarView.swift; sourceTree = "<group>"; };
		FF2DAD8F2BD3529C00E152EF /* cocktail_animation.json */ = {isa = PBXFileReference; fileEncoding = 4; lastKnownFileType = text.json; name = cocktail_animation.json; path = ../../../../Downloads/cocktail_animation.json; sourceTree = "<group>"; };
		FF2DAD912BD3593E00E152EF /* MainLoaderView.swift */ = {isa = PBXFileReference; lastKnownFileType = sourcecode.swift; path = MainLoaderView.swift; sourceTree = "<group>"; };
		FF2DAD992BD3EAD100E152EF /* CocktailsDetailViewController.swift */ = {isa = PBXFileReference; lastKnownFileType = sourcecode.swift; path = CocktailsDetailViewController.swift; sourceTree = "<group>"; };
		FF2DAD9B2BD3EAE000E152EF /* CocktailsDetailViewModel.swift */ = {isa = PBXFileReference; lastKnownFileType = sourcecode.swift; path = CocktailsDetailViewModel.swift; sourceTree = "<group>"; };
		FF2DAD9D2BD3EF0400E152EF /* CocktailsDetailCoordinator.swift */ = {isa = PBXFileReference; lastKnownFileType = sourcecode.swift; path = CocktailsDetailCoordinator.swift; sourceTree = "<group>"; };
		FF8E99862BD4214700BC5CA4 /* Alice-Regular.ttf */ = {isa = PBXFileReference; lastKnownFileType = file; name = "Alice-Regular.ttf"; path = "../../../Downloads/Alice/Alice-Regular.ttf"; sourceTree = "<group>"; };
		FF8E99892BD4220F00BC5CA4 /* UIFont+Extension.swift */ = {isa = PBXFileReference; lastKnownFileType = sourcecode.swift; path = "UIFont+Extension.swift"; sourceTree = "<group>"; };
		FF8E998B2BD42C3D00BC5CA4 /* UILabel+Extension.swift */ = {isa = PBXFileReference; lastKnownFileType = sourcecode.swift; path = "UILabel+Extension.swift"; sourceTree = "<group>"; };
		FF8E998D2BD436A100BC5CA4 /* UIImage+Extension.swift */ = {isa = PBXFileReference; lastKnownFileType = sourcecode.swift; path = "UIImage+Extension.swift"; sourceTree = "<group>"; };
		FF8E99912BD4450C00BC5CA4 /* AlertViewController.swift */ = {isa = PBXFileReference; lastKnownFileType = sourcecode.swift; path = AlertViewController.swift; sourceTree = "<group>"; };
		FF8E99942BD4880D00BC5CA4 /* UserDefaultsManager.swift */ = {isa = PBXFileReference; lastKnownFileType = sourcecode.swift; path = UserDefaultsManager.swift; sourceTree = "<group>"; };
		FF8E99962BD5350200BC5CA4 /* DrinksDetailList.swift */ = {isa = PBXFileReference; lastKnownFileType = sourcecode.swift; path = DrinksDetailList.swift; sourceTree = "<group>"; };
		FF8E99992BD535B700BC5CA4 /* DetailCategory.swift */ = {isa = PBXFileReference; lastKnownFileType = sourcecode.swift; path = DetailCategory.swift; sourceTree = "<group>"; };
/* End PBXFileReference section */

/* Begin PBXFrameworksBuildPhase section */
		FF216E722BD189AC0043FB07 /* Frameworks */ = {
			isa = PBXFrameworksBuildPhase;
			buildActionMask = 2147483647;
			files = (
				FF216EBF2BD18B8C0043FB07 /* AlamofireDynamic in Frameworks */,
				FF216EB02BD18B460043FB07 /* RxRelay in Frameworks */,
				FF216EAE2BD18B460043FB07 /* RxCocoa-Dynamic in Frameworks */,
				FF216EAC2BD18B460043FB07 /* RxCocoa in Frameworks */,
				FF216EB32BD18B530043FB07 /* SnapKit in Frameworks */,
				FF216EA82BD18B460043FB07 /* RxBlocking in Frameworks */,
				FF216EBD2BD18B8C0043FB07 /* Alamofire in Frameworks */,
				FF216EB52BD18B530043FB07 /* SnapKit-Dynamic in Frameworks */,
				FF216EBA2BD18B7F0043FB07 /* Swinject-Dynamic in Frameworks */,
				FF216EAA2BD18B460043FB07 /* RxBlocking-Dynamic in Frameworks */,
				FF216EB82BD18B7F0043FB07 /* Swinject in Frameworks */,
				FF2DAD8D2BD3523600E152EF /* Lottie in Frameworks */,
			);
			runOnlyForDeploymentPostprocessing = 0;
		};
/* End PBXFrameworksBuildPhase section */

/* Begin PBXGroup section */
		FF216E6C2BD189AC0043FB07 = {
			isa = PBXGroup;
			children = (
				FF216E772BD189AC0043FB07 /* TestApplication */,
				FF216E762BD189AC0043FB07 /* Products */,
			);
			sourceTree = "<group>";
		};
		FF216E762BD189AC0043FB07 /* Products */ = {
			isa = PBXGroup;
			children = (
				FF216E752BD189AC0043FB07 /* TestApplication.app */,
			);
			name = Products;
			sourceTree = "<group>";
		};
		FF216E772BD189AC0043FB07 /* TestApplication */ = {
			isa = PBXGroup;
			children = (
				FF8E99882BD421FA00BC5CA4 /* Extensions */,
				FF8E99852BD4212F00BC5CA4 /* Font */,
				FF2DAD762BD2B01200E152EF /* Network */,
				FF2DAD702BD28BC400E152EF /* Assets */,
				FF2DAD6D2BD281F500E152EF /* Common */,
				FF216EE62BD19E4B0043FB07 /* Base */,
				FF216EDD2BD198970043FB07 /* Protocols */,
				FF216ED32BD1969B0043FB07 /* Sources */,
				FF216EC42BD193340043FB07 /* Routing */,
				FF216EC12BD192E80043FB07 /* Applications */,
				FF216EC02BD192B10043FB07 /* Resourses */,
			);
			path = TestApplication;
			sourceTree = "<group>";
		};
		FF216EC02BD192B10043FB07 /* Resourses */ = {
			isa = PBXGroup;
			children = (
				FF2DAD8E2BD3529100E152EF /* Animations */,
				FF216E832BD189AE0043FB07 /* LaunchScreen.storyboard */,
				FF216E862BD189AE0043FB07 /* Info.plist */,
				FF216E812BD189AE0043FB07 /* Assets.xcassets */,
			);
			path = Resourses;
			sourceTree = "<group>";
		};
		FF216EC12BD192E80043FB07 /* Applications */ = {
			isa = PBXGroup;
			children = (
				FF216E782BD189AC0043FB07 /* AppDelegate.swift */,
				FF216EC22BD193060043FB07 /* AppCoordinator.swift */,
				FF216ED12BD195360043FB07 /* AppDependencyManager.swift */,
			);
			path = Applications;
			sourceTree = "<group>";
		};
		FF216EC42BD193340043FB07 /* Routing */ = {
			isa = PBXGroup;
			children = (
				FF216EC52BD193450043FB07 /* Coordinator.swift */,
				FF216EC72BD1936E0043FB07 /* Router.swift */,
				FF216EC92BD1938E0043FB07 /* ITransition.swift */,
				FF216ECB2BD193B50043FB07 /* Closable.swift */,
				FF216ECD2BD1944B0043FB07 /* WindowNavigationTransition.swift */,
				FF216ECF2BD194750043FB07 /* WindowTransition.swift */,
				FF216EE92BD1BF3A0043FB07 /* PushTransition.swift */,
			);
			path = Routing;
			sourceTree = "<group>";
		};
		FF216ED32BD1969B0043FB07 /* Sources */ = {
			isa = PBXGroup;
			children = (
				FF2DAD962BD3EA8F00E152EF /* Detail */,
				FF216ED42BD196B70043FB07 /* Home */,
			);
			path = Sources;
			sourceTree = "<group>";
		};
		FF216ED42BD196B70043FB07 /* Home */ = {
			isa = PBXGroup;
			children = (
				FF2DAD882BD3484200E152EF /* View */,
				FF2DAD7B2BD2BBDA00E152EF /* Cell */,
				FF2DAD732BD2AC1F00E152EF /* Model */,
				FF216ED82BD197A70043FB07 /* ViewController */,
				FF216ED72BD197910043FB07 /* ViewModel */,
				FF216ED52BD196F80043FB07 /* HomeCoordinator.swift */,
			);
			path = Home;
			sourceTree = "<group>";
		};
		FF216ED72BD197910043FB07 /* ViewModel */ = {
			isa = PBXGroup;
			children = (
				FF216EDB2BD197C10043FB07 /* HomeViewModel.swift */,
			);
			path = ViewModel;
			sourceTree = "<group>";
		};
		FF216ED82BD197A70043FB07 /* ViewController */ = {
			isa = PBXGroup;
			children = (
				FF216ED92BD197B50043FB07 /* HomeViewController.swift */,
			);
			path = ViewController;
			sourceTree = "<group>";
		};
		FF216EDD2BD198970043FB07 /* Protocols */ = {
			isa = PBXGroup;
			children = (
				FF216EDE2BD198A10043FB07 /* IViewModeling.swift */,
				FF216EE02BD198EE0043FB07 /* DIConfigurable.swift */,
				FF216EE22BD19AAD0043FB07 /* IAutoSetup.swift */,
				FF216EE42BD19ACA0043FB07 /* IViewModelOwner.swift */,
				FF216EEB2BD1BF530043FB07 /* Animator.swift */,
			);
			path = Protocols;
			sourceTree = "<group>";
		};
		FF216EE62BD19E4B0043FB07 /* Base */ = {
			isa = PBXGroup;
			children = (
				FF216EE72BD19E560043FB07 /* BaseController.swift */,
			);
			path = Base;
			sourceTree = "<group>";
		};
		FF2DAD6D2BD281F500E152EF /* Common */ = {
			isa = PBXGroup;
			children = (
				FF8E99932BD487F300BC5CA4 /* Services */,
				FF8E99902BD444FD00BC5CA4 /* Alert */,
				FF2DAD6E2BD2820600E152EF /* SegmentedControl.swift */,
				FF2DAD912BD3593E00E152EF /* MainLoaderView.swift */,
			);
			path = Common;
			sourceTree = "<group>";
		};
		FF2DAD702BD28BC400E152EF /* Assets */ = {
			isa = PBXGroup;
			children = (
				FF2DAD712BD28BD300E152EF /* AssetsColor.swift */,
				FF2DAD862BD3418700E152EF /* AssetsImage.swift */,
			);
			path = Assets;
			sourceTree = "<group>";
		};
		FF2DAD732BD2AC1F00E152EF /* Model */ = {
			isa = PBXGroup;
			children = (
				FF2DAD742BD2AC3E00E152EF /* CocktailsList.swift */,
				FF8E99962BD5350200BC5CA4 /* DrinksDetailList.swift */,
			);
			path = Model;
			sourceTree = "<group>";
		};
		FF2DAD762BD2B01200E152EF /* Network */ = {
			isa = PBXGroup;
			children = (
				FF2DAD772BD2B01E00E152EF /* ApiRouter.swift */,
				FF2DAD792BD2B13800E152EF /* ApiClient.swift */,
			);
			path = Network;
			sourceTree = "<group>";
		};
		FF2DAD7B2BD2BBDA00E152EF /* Cell */ = {
			isa = PBXGroup;
			children = (
				FF2DAD7C2BD2BBE800E152EF /* GridCell.swift */,
			);
			path = Cell;
			sourceTree = "<group>";
		};
		FF2DAD882BD3484200E152EF /* View */ = {
			isa = PBXGroup;
			children = (
				FF2DAD892BD3485300E152EF /* SearchBarView.swift */,
			);
			path = View;
			sourceTree = "<group>";
		};
		FF2DAD8E2BD3529100E152EF /* Animations */ = {
			isa = PBXGroup;
			children = (
				FF2DAD8F2BD3529C00E152EF /* cocktail_animation.json */,
			);
			path = Animations;
			sourceTree = "<group>";
		};
		FF2DAD962BD3EA8F00E152EF /* Detail */ = {
			isa = PBXGroup;
			children = (
				FF8E99982BD535A800BC5CA4 /* Model */,
				FF2DAD982BD3EA9E00E152EF /* ViewController */,
				FF2DAD972BD3EA9800E152EF /* ViewModel */,
				FF2DAD9D2BD3EF0400E152EF /* CocktailsDetailCoordinator.swift */,
			);
			path = Detail;
			sourceTree = "<group>";
		};
		FF2DAD972BD3EA9800E152EF /* ViewModel */ = {
			isa = PBXGroup;
			children = (
				FF2DAD9B2BD3EAE000E152EF /* CocktailsDetailViewModel.swift */,
			);
			path = ViewModel;
			sourceTree = "<group>";
		};
		FF2DAD982BD3EA9E00E152EF /* ViewController */ = {
			isa = PBXGroup;
			children = (
				FF2DAD992BD3EAD100E152EF /* CocktailsDetailViewController.swift */,
			);
			path = ViewController;
			sourceTree = "<group>";
		};
		FF8E99852BD4212F00BC5CA4 /* Font */ = {
			isa = PBXGroup;
			children = (
				FF8E99862BD4214700BC5CA4 /* Alice-Regular.ttf */,
			);
			path = Font;
			sourceTree = "<group>";
		};
		FF8E99882BD421FA00BC5CA4 /* Extensions */ = {
			isa = PBXGroup;
			children = (
				FF8E99892BD4220F00BC5CA4 /* UIFont+Extension.swift */,
				FF8E998B2BD42C3D00BC5CA4 /* UILabel+Extension.swift */,
				FF8E998D2BD436A100BC5CA4 /* UIImage+Extension.swift */,
			);
			path = Extensions;
			sourceTree = "<group>";
		};
		FF8E99902BD444FD00BC5CA4 /* Alert */ = {
			isa = PBXGroup;
			children = (
				FF8E99912BD4450C00BC5CA4 /* AlertViewController.swift */,
			);
			path = Alert;
			sourceTree = "<group>";
		};
		FF8E99932BD487F300BC5CA4 /* Services */ = {
			isa = PBXGroup;
			children = (
				FF8E99942BD4880D00BC5CA4 /* UserDefaultsManager.swift */,
			);
			path = Services;
			sourceTree = "<group>";
		};
		FF8E99982BD535A800BC5CA4 /* Model */ = {
			isa = PBXGroup;
			children = (
				FF8E99992BD535B700BC5CA4 /* DetailCategory.swift */,
			);
			path = Model;
			sourceTree = "<group>";
		};
/* End PBXGroup section */

/* Begin PBXNativeTarget section */
		FF216E742BD189AC0043FB07 /* TestApplication */ = {
			isa = PBXNativeTarget;
			buildConfigurationList = FF216E892BD189AE0043FB07 /* Build configuration list for PBXNativeTarget "TestApplication" */;
			buildPhases = (
				FF216E712BD189AC0043FB07 /* Sources */,
				FF216E722BD189AC0043FB07 /* Frameworks */,
				FF216E732BD189AC0043FB07 /* Resources */,
			);
			buildRules = (
			);
			dependencies = (
			);
			name = TestApplication;
			packageProductDependencies = (
				FF216EA72BD18B460043FB07 /* RxBlocking */,
				FF216EA92BD18B460043FB07 /* RxBlocking-Dynamic */,
				FF216EAB2BD18B460043FB07 /* RxCocoa */,
				FF216EAD2BD18B460043FB07 /* RxCocoa-Dynamic */,
				FF216EAF2BD18B460043FB07 /* RxRelay */,
				FF216EB22BD18B530043FB07 /* SnapKit */,
				FF216EB42BD18B530043FB07 /* SnapKit-Dynamic */,
				FF216EB72BD18B7F0043FB07 /* Swinject */,
				FF216EB92BD18B7F0043FB07 /* Swinject-Dynamic */,
				FF216EBC2BD18B8C0043FB07 /* Alamofire */,
				FF216EBE2BD18B8C0043FB07 /* AlamofireDynamic */,
				FF2DAD8C2BD3523600E152EF /* Lottie */,
			);
			productName = TestApplication;
			productReference = FF216E752BD189AC0043FB07 /* TestApplication.app */;
			productType = "com.apple.product-type.application";
		};
/* End PBXNativeTarget section */

/* Begin PBXProject section */
		FF216E6D2BD189AC0043FB07 /* Project object */ = {
			isa = PBXProject;
			attributes = {
				BuildIndependentTargetsInParallel = 1;
				LastSwiftUpdateCheck = 1510;
				LastUpgradeCheck = 1510;
				TargetAttributes = {
					FF216E742BD189AC0043FB07 = {
						CreatedOnToolsVersion = 15.1;
					};
				};
			};
			buildConfigurationList = FF216E702BD189AC0043FB07 /* Build configuration list for PBXProject "TestApplication" */;
			compatibilityVersion = "Xcode 14.0";
			developmentRegion = en;
			hasScannedForEncodings = 0;
			knownRegions = (
				en,
				Base,
			);
			mainGroup = FF216E6C2BD189AC0043FB07;
			packageReferences = (
				FF216EA62BD18B460043FB07 /* XCRemoteSwiftPackageReference "RxSwift" */,
				FF216EB12BD18B530043FB07 /* XCRemoteSwiftPackageReference "SnapKit" */,
				FF216EB62BD18B7F0043FB07 /* XCRemoteSwiftPackageReference "Swinject" */,
				FF216EBB2BD18B8C0043FB07 /* XCRemoteSwiftPackageReference "Alamofire" */,
				FF2DAD8B2BD3523600E152EF /* XCRemoteSwiftPackageReference "lottie-spm" */,
			);
			productRefGroup = FF216E762BD189AC0043FB07 /* Products */;
			projectDirPath = "";
			projectRoot = "";
			targets = (
				FF216E742BD189AC0043FB07 /* TestApplication */,
			);
		};
/* End PBXProject section */

/* Begin PBXResourcesBuildPhase section */
		FF216E732BD189AC0043FB07 /* Resources */ = {
			isa = PBXResourcesBuildPhase;
			buildActionMask = 2147483647;
			files = (
				FF216E852BD189AE0043FB07 /* LaunchScreen.storyboard in Resources */,
				FF216E822BD189AE0043FB07 /* Assets.xcassets in Resources */,
				FF8E99872BD4214700BC5CA4 /* Alice-Regular.ttf in Resources */,
				FF2DAD902BD3529C00E152EF /* cocktail_animation.json in Resources */,
			);
			runOnlyForDeploymentPostprocessing = 0;
		};
/* End PBXResourcesBuildPhase section */

/* Begin PBXSourcesBuildPhase section */
		FF216E712BD189AC0043FB07 /* Sources */ = {
			isa = PBXSourcesBuildPhase;
			buildActionMask = 2147483647;
			files = (
				FF216ECC2BD193B50043FB07 /* Closable.swift in Sources */,
				FF216EC62BD193450043FB07 /* Coordinator.swift in Sources */,
				FF216EC32BD193060043FB07 /* AppCoordinator.swift in Sources */,
				FF216EEC2BD1BF530043FB07 /* Animator.swift in Sources */,
				FF8E99972BD5350200BC5CA4 /* DrinksDetailList.swift in Sources */,
				FF2DAD782BD2B01E00E152EF /* ApiRouter.swift in Sources */,
				FF216ECA2BD1938E0043FB07 /* ITransition.swift in Sources */,
				FF2DAD722BD28BD300E152EF /* AssetsColor.swift in Sources */,
				FF216EC82BD1936E0043FB07 /* Router.swift in Sources */,
				FF8E99922BD4450C00BC5CA4 /* AlertViewController.swift in Sources */,
				FF216ECE2BD1944B0043FB07 /* WindowNavigationTransition.swift in Sources */,
				FF2DAD7D2BD2BBE800E152EF /* GridCell.swift in Sources */,
				FF2DAD9A2BD3EAD100E152EF /* CocktailsDetailViewController.swift in Sources */,
				FF8E998C2BD42C3D00BC5CA4 /* UILabel+Extension.swift in Sources */,
				FF216ED02BD194750043FB07 /* WindowTransition.swift in Sources */,
				FF8E99952BD4880D00BC5CA4 /* UserDefaultsManager.swift in Sources */,
				FF216E792BD189AC0043FB07 /* AppDelegate.swift in Sources */,
				FF2DAD7A2BD2B13800E152EF /* ApiClient.swift in Sources */,
				FF8E998A2BD4220F00BC5CA4 /* UIFont+Extension.swift in Sources */,
				FF216EDC2BD197C10043FB07 /* HomeViewModel.swift in Sources */,
				FF216EDF2BD198A10043FB07 /* IViewModeling.swift in Sources */,
				FF2DAD752BD2AC3E00E152EF /* CocktailsList.swift in Sources */,
				FF216EE82BD19E560043FB07 /* BaseController.swift in Sources */,
				FF216EE12BD198EE0043FB07 /* DIConfigurable.swift in Sources */,
				FF2DAD922BD3593E00E152EF /* MainLoaderView.swift in Sources */,
				FF216EE52BD19ACA0043FB07 /* IViewModelOwner.swift in Sources */,
				FF8E999A2BD535B700BC5CA4 /* DetailCategory.swift in Sources */,
				FF2DAD9C2BD3EAE000E152EF /* CocktailsDetailViewModel.swift in Sources */,
				FF2DAD8A2BD3485300E152EF /* SearchBarView.swift in Sources */,
				FF216ED22BD195360043FB07 /* AppDependencyManager.swift in Sources */,
				FF2DAD9E2BD3EF0400E152EF /* CocktailsDetailCoordinator.swift in Sources */,
				FF216ED62BD196F80043FB07 /* HomeCoordinator.swift in Sources */,
				FF216EE32BD19AAD0043FB07 /* IAutoSetup.swift in Sources */,
				FF8E998E2BD436A100BC5CA4 /* UIImage+Extension.swift in Sources */,
				FF2DAD872BD3418700E152EF /* AssetsImage.swift in Sources */,
				FF216EEA2BD1BF3A0043FB07 /* PushTransition.swift in Sources */,
				FF2DAD6F2BD2820600E152EF /* SegmentedControl.swift in Sources */,
				FF216EDA2BD197B50043FB07 /* HomeViewController.swift in Sources */,
			);
			runOnlyForDeploymentPostprocessing = 0;
		};
/* End PBXSourcesBuildPhase section */

/* Begin PBXVariantGroup section */
		FF216E832BD189AE0043FB07 /* LaunchScreen.storyboard */ = {
			isa = PBXVariantGroup;
			children = (
				FF216E842BD189AE0043FB07 /* Base */,
			);
			name = LaunchScreen.storyboard;
			sourceTree = "<group>";
		};
/* End PBXVariantGroup section */

/* Begin XCBuildConfiguration section */
		FF216E872BD189AE0043FB07 /* Debug */ = {
			isa = XCBuildConfiguration;
			buildSettings = {
				ALWAYS_SEARCH_USER_PATHS = NO;
				ASSETCATALOG_COMPILER_GENERATE_SWIFT_ASSET_SYMBOL_EXTENSIONS = YES;
				CLANG_ANALYZER_NONNULL = YES;
				CLANG_ANALYZER_NUMBER_OBJECT_CONVERSION = YES_AGGRESSIVE;
				CLANG_CXX_LANGUAGE_STANDARD = "gnu++20";
				CLANG_ENABLE_MODULES = YES;
				CLANG_ENABLE_OBJC_ARC = YES;
				CLANG_ENABLE_OBJC_WEAK = YES;
				CLANG_WARN_BLOCK_CAPTURE_AUTORELEASING = YES;
				CLANG_WARN_BOOL_CONVERSION = YES;
				CLANG_WARN_COMMA = YES;
				CLANG_WARN_CONSTANT_CONVERSION = YES;
				CLANG_WARN_DEPRECATED_OBJC_IMPLEMENTATIONS = YES;
				CLANG_WARN_DIRECT_OBJC_ISA_USAGE = YES_ERROR;
				CLANG_WARN_DOCUMENTATION_COMMENTS = YES;
				CLANG_WARN_EMPTY_BODY = YES;
				CLANG_WARN_ENUM_CONVERSION = YES;
				CLANG_WARN_INFINITE_RECURSION = YES;
				CLANG_WARN_INT_CONVERSION = YES;
				CLANG_WARN_NON_LITERAL_NULL_CONVERSION = YES;
				CLANG_WARN_OBJC_IMPLICIT_RETAIN_SELF = YES;
				CLANG_WARN_OBJC_LITERAL_CONVERSION = YES;
				CLANG_WARN_OBJC_ROOT_CLASS = YES_ERROR;
				CLANG_WARN_QUOTED_INCLUDE_IN_FRAMEWORK_HEADER = YES;
				CLANG_WARN_RANGE_LOOP_ANALYSIS = YES;
				CLANG_WARN_STRICT_PROTOTYPES = YES;
				CLANG_WARN_SUSPICIOUS_MOVE = YES;
				CLANG_WARN_UNGUARDED_AVAILABILITY = YES_AGGRESSIVE;
				CLANG_WARN_UNREACHABLE_CODE = YES;
				CLANG_WARN__DUPLICATE_METHOD_MATCH = YES;
				COPY_PHASE_STRIP = NO;
				DEBUG_INFORMATION_FORMAT = dwarf;
				ENABLE_STRICT_OBJC_MSGSEND = YES;
				ENABLE_TESTABILITY = YES;
				ENABLE_USER_SCRIPT_SANDBOXING = YES;
				GCC_C_LANGUAGE_STANDARD = gnu17;
				GCC_DYNAMIC_NO_PIC = NO;
				GCC_NO_COMMON_BLOCKS = YES;
				GCC_OPTIMIZATION_LEVEL = 0;
				GCC_PREPROCESSOR_DEFINITIONS = (
					"DEBUG=1",
					"$(inherited)",
				);
				GCC_WARN_64_TO_32_BIT_CONVERSION = YES;
				GCC_WARN_ABOUT_RETURN_TYPE = YES_ERROR;
				GCC_WARN_UNDECLARED_SELECTOR = YES;
				GCC_WARN_UNINITIALIZED_AUTOS = YES_AGGRESSIVE;
				GCC_WARN_UNUSED_FUNCTION = YES;
				GCC_WARN_UNUSED_VARIABLE = YES;
				IPHONEOS_DEPLOYMENT_TARGET = 17.2;
				LOCALIZATION_PREFERS_STRING_CATALOGS = YES;
				MTL_ENABLE_DEBUG_INFO = INCLUDE_SOURCE;
				MTL_FAST_MATH = YES;
				ONLY_ACTIVE_ARCH = YES;
				SDKROOT = iphoneos;
				SWIFT_ACTIVE_COMPILATION_CONDITIONS = "DEBUG $(inherited)";
				SWIFT_OPTIMIZATION_LEVEL = "-Onone";
			};
			name = Debug;
		};
		FF216E882BD189AE0043FB07 /* Release */ = {
			isa = XCBuildConfiguration;
			buildSettings = {
				ALWAYS_SEARCH_USER_PATHS = NO;
				ASSETCATALOG_COMPILER_GENERATE_SWIFT_ASSET_SYMBOL_EXTENSIONS = YES;
				CLANG_ANALYZER_NONNULL = YES;
				CLANG_ANALYZER_NUMBER_OBJECT_CONVERSION = YES_AGGRESSIVE;
				CLANG_CXX_LANGUAGE_STANDARD = "gnu++20";
				CLANG_ENABLE_MODULES = YES;
				CLANG_ENABLE_OBJC_ARC = YES;
				CLANG_ENABLE_OBJC_WEAK = YES;
				CLANG_WARN_BLOCK_CAPTURE_AUTORELEASING = YES;
				CLANG_WARN_BOOL_CONVERSION = YES;
				CLANG_WARN_COMMA = YES;
				CLANG_WARN_CONSTANT_CONVERSION = YES;
				CLANG_WARN_DEPRECATED_OBJC_IMPLEMENTATIONS = YES;
				CLANG_WARN_DIRECT_OBJC_ISA_USAGE = YES_ERROR;
				CLANG_WARN_DOCUMENTATION_COMMENTS = YES;
				CLANG_WARN_EMPTY_BODY = YES;
				CLANG_WARN_ENUM_CONVERSION = YES;
				CLANG_WARN_INFINITE_RECURSION = YES;
				CLANG_WARN_INT_CONVERSION = YES;
				CLANG_WARN_NON_LITERAL_NULL_CONVERSION = YES;
				CLANG_WARN_OBJC_IMPLICIT_RETAIN_SELF = YES;
				CLANG_WARN_OBJC_LITERAL_CONVERSION = YES;
				CLANG_WARN_OBJC_ROOT_CLASS = YES_ERROR;
				CLANG_WARN_QUOTED_INCLUDE_IN_FRAMEWORK_HEADER = YES;
				CLANG_WARN_RANGE_LOOP_ANALYSIS = YES;
				CLANG_WARN_STRICT_PROTOTYPES = YES;
				CLANG_WARN_SUSPICIOUS_MOVE = YES;
				CLANG_WARN_UNGUARDED_AVAILABILITY = YES_AGGRESSIVE;
				CLANG_WARN_UNREACHABLE_CODE = YES;
				CLANG_WARN__DUPLICATE_METHOD_MATCH = YES;
				COPY_PHASE_STRIP = NO;
				DEBUG_INFORMATION_FORMAT = "dwarf-with-dsym";
				ENABLE_NS_ASSERTIONS = NO;
				ENABLE_STRICT_OBJC_MSGSEND = YES;
				ENABLE_USER_SCRIPT_SANDBOXING = YES;
				GCC_C_LANGUAGE_STANDARD = gnu17;
				GCC_NO_COMMON_BLOCKS = YES;
				GCC_WARN_64_TO_32_BIT_CONVERSION = YES;
				GCC_WARN_ABOUT_RETURN_TYPE = YES_ERROR;
				GCC_WARN_UNDECLARED_SELECTOR = YES;
				GCC_WARN_UNINITIALIZED_AUTOS = YES_AGGRESSIVE;
				GCC_WARN_UNUSED_FUNCTION = YES;
				GCC_WARN_UNUSED_VARIABLE = YES;
				IPHONEOS_DEPLOYMENT_TARGET = 17.2;
				LOCALIZATION_PREFERS_STRING_CATALOGS = YES;
				MTL_ENABLE_DEBUG_INFO = NO;
				MTL_FAST_MATH = YES;
				SDKROOT = iphoneos;
				SWIFT_COMPILATION_MODE = wholemodule;
				VALIDATE_PRODUCT = YES;
			};
			name = Release;
		};
		FF216E8A2BD189AE0043FB07 /* Debug */ = {
			isa = XCBuildConfiguration;
			buildSettings = {
				ASSETCATALOG_COMPILER_APPICON_NAME = AppIcon;
				ASSETCATALOG_COMPILER_GLOBAL_ACCENT_COLOR_NAME = AccentColor;
				CODE_SIGN_IDENTITY = "Apple Development";
				CODE_SIGN_STYLE = Automatic;
				CURRENT_PROJECT_VERSION = 1;
				DEVELOPMENT_TEAM = "";
				GENERATE_INFOPLIST_FILE = YES;
				INFOPLIST_FILE = TestApplication/Resourses/Info.plist;
				INFOPLIST_KEY_UIApplicationSupportsIndirectInputEvents = YES;
				INFOPLIST_KEY_UILaunchStoryboardName = "";
				INFOPLIST_KEY_UISupportedInterfaceOrientations = UIInterfaceOrientationPortrait;
				INFOPLIST_KEY_UISupportedInterfaceOrientations_iPad = "UIInterfaceOrientationLandscapeLeft UIInterfaceOrientationLandscapeRight UIInterfaceOrientationPortrait UIInterfaceOrientationPortraitUpsideDown";
				IPHONEOS_DEPLOYMENT_TARGET = 17.0;
				LD_RUNPATH_SEARCH_PATHS = (
					"$(inherited)",
					"@executable_path/Frameworks",
				);
				MARKETING_VERSION = 1.0;
				PRODUCT_BUNDLE_IDENTIFIER = test.test.TestApplication;
				PRODUCT_NAME = "$(TARGET_NAME)";
				PROVISIONING_PROFILE_SPECIFIER = "";
				SWIFT_EMIT_LOC_STRINGS = YES;
				SWIFT_VERSION = 5.0;
				TARGETED_DEVICE_FAMILY = "1,2";
			};
			name = Debug;
		};
		FF216E8B2BD189AE0043FB07 /* Release */ = {
			isa = XCBuildConfiguration;
			buildSettings = {
				ASSETCATALOG_COMPILER_APPICON_NAME = AppIcon;
				ASSETCATALOG_COMPILER_GLOBAL_ACCENT_COLOR_NAME = AccentColor;
				CODE_SIGN_IDENTITY = "Apple Development";
				CODE_SIGN_STYLE = Automatic;
				CURRENT_PROJECT_VERSION = 1;
				DEVELOPMENT_TEAM = "";
				GENERATE_INFOPLIST_FILE = YES;
				INFOPLIST_FILE = TestApplication/Resourses/Info.plist;
				INFOPLIST_KEY_UIApplicationSupportsIndirectInputEvents = YES;
				INFOPLIST_KEY_UILaunchStoryboardName = "";
				INFOPLIST_KEY_UISupportedInterfaceOrientations = UIInterfaceOrientationPortrait;
				INFOPLIST_KEY_UISupportedInterfaceOrientations_iPad = "UIInterfaceOrientationLandscapeLeft UIInterfaceOrientationLandscapeRight UIInterfaceOrientationPortrait UIInterfaceOrientationPortraitUpsideDown";
				IPHONEOS_DEPLOYMENT_TARGET = 17.0;
				LD_RUNPATH_SEARCH_PATHS = (
					"$(inherited)",
					"@executable_path/Frameworks",
				);
				MARKETING_VERSION = 1.0;
				PRODUCT_BUNDLE_IDENTIFIER = test.test.TestApplication;
				PRODUCT_NAME = "$(TARGET_NAME)";
				PROVISIONING_PROFILE_SPECIFIER = "";
				SWIFT_EMIT_LOC_STRINGS = YES;
				SWIFT_VERSION = 5.0;
				TARGETED_DEVICE_FAMILY = "1,2";
			};
			name = Release;
		};
/* End XCBuildConfiguration section */

/* Begin XCConfigurationList section */
		FF216E702BD189AC0043FB07 /* Build configuration list for PBXProject "TestApplication" */ = {
			isa = XCConfigurationList;
			buildConfigurations = (
				FF216E872BD189AE0043FB07 /* Debug */,
				FF216E882BD189AE0043FB07 /* Release */,
			);
			defaultConfigurationIsVisible = 0;
			defaultConfigurationName = Release;
		};
		FF216E892BD189AE0043FB07 /* Build configuration list for PBXNativeTarget "TestApplication" */ = {
			isa = XCConfigurationList;
			buildConfigurations = (
				FF216E8A2BD189AE0043FB07 /* Debug */,
				FF216E8B2BD189AE0043FB07 /* Release */,
			);
			defaultConfigurationIsVisible = 0;
			defaultConfigurationName = Release;
		};
/* End XCConfigurationList section */

/* Begin XCRemoteSwiftPackageReference section */
		FF216EA62BD18B460043FB07 /* XCRemoteSwiftPackageReference "RxSwift" */ = {
			isa = XCRemoteSwiftPackageReference;
			repositoryURL = "https://github.com/ReactiveX/RxSwift.git";
			requirement = {
				kind = upToNextMajorVersion;
				minimumVersion = 6.6.0;
			};
		};
		FF216EB12BD18B530043FB07 /* XCRemoteSwiftPackageReference "SnapKit" */ = {
			isa = XCRemoteSwiftPackageReference;
			repositoryURL = "https://github.com/SnapKit/SnapKit.git";
			requirement = {
				kind = upToNextMajorVersion;
				minimumVersion = 5.7.1;
			};
		};
		FF216EB62BD18B7F0043FB07 /* XCRemoteSwiftPackageReference "Swinject" */ = {
			isa = XCRemoteSwiftPackageReference;
			repositoryURL = "https://github.com/Swinject/Swinject.git";
			requirement = {
				kind = upToNextMajorVersion;
				minimumVersion = 2.8.6;
			};
		};
		FF216EBB2BD18B8C0043FB07 /* XCRemoteSwiftPackageReference "Alamofire" */ = {
			isa = XCRemoteSwiftPackageReference;
			repositoryURL = "https://github.com/Alamofire/Alamofire.git";
			requirement = {
				kind = upToNextMajorVersion;
				minimumVersion = 5.9.1;
			};
		};
		FF2DAD8B2BD3523600E152EF /* XCRemoteSwiftPackageReference "lottie-spm" */ = {
			isa = XCRemoteSwiftPackageReference;
			repositoryURL = "https://github.com/airbnb/lottie-spm.git";
			requirement = {
				kind = upToNextMajorVersion;
				minimumVersion = 4.4.3;
			};
		};
/* End XCRemoteSwiftPackageReference section */

/* Begin XCSwiftPackageProductDependency section */
		FF216EA72BD18B460043FB07 /* RxBlocking */ = {
			isa = XCSwiftPackageProductDependency;
			package = FF216EA62BD18B460043FB07 /* XCRemoteSwiftPackageReference "RxSwift" */;
			productName = RxBlocking;
		};
		FF216EA92BD18B460043FB07 /* RxBlocking-Dynamic */ = {
			isa = XCSwiftPackageProductDependency;
			package = FF216EA62BD18B460043FB07 /* XCRemoteSwiftPackageReference "RxSwift" */;
			productName = "RxBlocking-Dynamic";
		};
		FF216EAB2BD18B460043FB07 /* RxCocoa */ = {
			isa = XCSwiftPackageProductDependency;
			package = FF216EA62BD18B460043FB07 /* XCRemoteSwiftPackageReference "RxSwift" */;
			productName = RxCocoa;
		};
		FF216EAD2BD18B460043FB07 /* RxCocoa-Dynamic */ = {
			isa = XCSwiftPackageProductDependency;
			package = FF216EA62BD18B460043FB07 /* XCRemoteSwiftPackageReference "RxSwift" */;
			productName = "RxCocoa-Dynamic";
		};
		FF216EAF2BD18B460043FB07 /* RxRelay */ = {
			isa = XCSwiftPackageProductDependency;
			package = FF216EA62BD18B460043FB07 /* XCRemoteSwiftPackageReference "RxSwift" */;
			productName = RxRelay;
		};
		FF216EB22BD18B530043FB07 /* SnapKit */ = {
			isa = XCSwiftPackageProductDependency;
			package = FF216EB12BD18B530043FB07 /* XCRemoteSwiftPackageReference "SnapKit" */;
			productName = SnapKit;
		};
		FF216EB42BD18B530043FB07 /* SnapKit-Dynamic */ = {
			isa = XCSwiftPackageProductDependency;
			package = FF216EB12BD18B530043FB07 /* XCRemoteSwiftPackageReference "SnapKit" */;
			productName = "SnapKit-Dynamic";
		};
		FF216EB72BD18B7F0043FB07 /* Swinject */ = {
			isa = XCSwiftPackageProductDependency;
			package = FF216EB62BD18B7F0043FB07 /* XCRemoteSwiftPackageReference "Swinject" */;
			productName = Swinject;
		};
		FF216EB92BD18B7F0043FB07 /* Swinject-Dynamic */ = {
			isa = XCSwiftPackageProductDependency;
			package = FF216EB62BD18B7F0043FB07 /* XCRemoteSwiftPackageReference "Swinject" */;
			productName = "Swinject-Dynamic";
		};
		FF216EBC2BD18B8C0043FB07 /* Alamofire */ = {
			isa = XCSwiftPackageProductDependency;
			package = FF216EBB2BD18B8C0043FB07 /* XCRemoteSwiftPackageReference "Alamofire" */;
			productName = Alamofire;
		};
		FF216EBE2BD18B8C0043FB07 /* AlamofireDynamic */ = {
			isa = XCSwiftPackageProductDependency;
			package = FF216EBB2BD18B8C0043FB07 /* XCRemoteSwiftPackageReference "Alamofire" */;
			productName = AlamofireDynamic;
		};
		FF2DAD8C2BD3523600E152EF /* Lottie */ = {
			isa = XCSwiftPackageProductDependency;
			package = FF2DAD8B2BD3523600E152EF /* XCRemoteSwiftPackageReference "lottie-spm" */;
			productName = Lottie;
		};
/* End XCSwiftPackageProductDependency section */
	};
	rootObject = FF216E6D2BD189AC0043FB07 /* Project object */;
}
